{
  "requires": true,
  "lockfileVersion": 1,
  "dependencies": {
    "bootstrap": {
      "version": "5.0.0-alpha1",
      "resolved": "https://registry.npmjs.org/bootstrap/-/bootstrap-5.0.0-alpha1.tgz",
      "integrity": "sha512-iwKneP2pLXl8lN0YpnOuOARiNPTzmh/4cw+Un86u4OqrMLuQpyMC7nO07hvivvcg0B/ektJPjuPnS1s+YmRK9A=="
    },
    "wavesurfer.js": {
      "version": "4.0.1",
      "resolved": "https://registry.npmjs.org/wavesurfer.js/-/wavesurfer.js-4.0.1.tgz",
      "integrity": "sha512-MvFVjxGVstYZqRI/BzkGupRuB1S7MtQClWPqgjTBTg+2ssxUAJlOGFhZsrtxDvCocneuWXqZ0g+sm/8OGl7X1w=="
    }
  }
}
